// !$*UTF8*$!
{
	archiveVersion = 1;
	classes = {
	};
	objectVersion = 56;
	objects = {

/* Begin PBXBuildFile section */
		6EADF5E92AA488C100733E73 /* AppDelegate.swift in Sources */ = {isa = PBXBuildFile; fileRef = 6EADF5E82AA488C100733E73 /* AppDelegate.swift */; };
		6EADF5EB2AA488C100733E73 /* SceneDelegate.swift in Sources */ = {isa = PBXBuildFile; fileRef = 6EADF5EA2AA488C100733E73 /* SceneDelegate.swift */; };
		6EADF5ED2AA488C100733E73 /* HomeViewController.swift in Sources */ = {isa = PBXBuildFile; fileRef = 6EADF5EC2AA488C100733E73 /* HomeViewController.swift */; };
		6EADF5F22AA488C200733E73 /* Assets.xcassets in Resources */ = {isa = PBXBuildFile; fileRef = 6EADF5F12AA488C200733E73 /* Assets.xcassets */; };
		6EADF5F52AA488C200733E73 /* LaunchScreen.storyboard in Resources */ = {isa = PBXBuildFile; fileRef = 6EADF5F32AA488C200733E73 /* LaunchScreen.storyboard */; };
		6EADF60A2AA775A200733E73 /* TabBarViewController.swift in Sources */ = {isa = PBXBuildFile; fileRef = 6EADF6092AA775A200733E73 /* TabBarViewController.swift */; };
		6EADF60C2AA7761B00733E73 /* SearchViewController.swift in Sources */ = {isa = PBXBuildFile; fileRef = 6EADF60B2AA7761B00733E73 /* SearchViewController.swift */; };
		6EADF60E2AA7763D00733E73 /* LibraryViewController.swift in Sources */ = {isa = PBXBuildFile; fileRef = 6EADF60D2AA7763D00733E73 /* LibraryViewController.swift */; };
		6EADF6122AA7774700733E73 /* AuthViewController.swift in Sources */ = {isa = PBXBuildFile; fileRef = 6EADF6112AA7774700733E73 /* AuthViewController.swift */; };
		6EADF6142AA7775500733E73 /* WelcomeViewController.swift in Sources */ = {isa = PBXBuildFile; fileRef = 6EADF6132AA7775500733E73 /* WelcomeViewController.swift */; };
		6EADF6162AA7776900733E73 /* SettingsViewController.swift in Sources */ = {isa = PBXBuildFile; fileRef = 6EADF6152AA7776900733E73 /* SettingsViewController.swift */; };
		6EADF6182AA7777400733E73 /* ProfileViewController.swift in Sources */ = {isa = PBXBuildFile; fileRef = 6EADF6172AA7777400733E73 /* ProfileViewController.swift */; };
		6EADF61A2AA7778800733E73 /* PlayerViewController.swift in Sources */ = {isa = PBXBuildFile; fileRef = 6EADF6192AA7778800733E73 /* PlayerViewController.swift */; };
		6EADF61C2AA7779700733E73 /* PlaylistViewController.swift in Sources */ = {isa = PBXBuildFile; fileRef = 6EADF61B2AA7779700733E73 /* PlaylistViewController.swift */; };
		6EADF61E2AA777BD00733E73 /* SearchResultViewController.swift in Sources */ = {isa = PBXBuildFile; fileRef = 6EADF61D2AA777BD00733E73 /* SearchResultViewController.swift */; };
		6EADF6202AA7781A00733E73 /* AuthManager.swift in Sources */ = {isa = PBXBuildFile; fileRef = 6EADF61F2AA7781A00733E73 /* AuthManager.swift */; };
		6EADF6222AA7782100733E73 /* APICaller.swift in Sources */ = {isa = PBXBuildFile; fileRef = 6EADF6212AA7782100733E73 /* APICaller.swift */; };
		6EADF6242AA7783B00733E73 /* HapticsManager.swift in Sources */ = {isa = PBXBuildFile; fileRef = 6EADF6232AA7783B00733E73 /* HapticsManager.swift */; };
		6EADF6262AA7785D00733E73 /* Playlist.swift in Sources */ = {isa = PBXBuildFile; fileRef = 6EADF6252AA7785D00733E73 /* Playlist.swift */; };
		6EADF6282AA7787000733E73 /* AudioTrack.swift in Sources */ = {isa = PBXBuildFile; fileRef = 6EADF6272AA7787000733E73 /* AudioTrack.swift */; };
		6EADF62A2AA7787D00733E73 /* Artist.swift in Sources */ = {isa = PBXBuildFile; fileRef = 6EADF6292AA7787D00733E73 /* Artist.swift */; };
		6EADF62C2AA7788C00733E73 /* UserProfile.swift in Sources */ = {isa = PBXBuildFile; fileRef = 6EADF62B2AA7788C00733E73 /* UserProfile.swift */; };
/* End PBXBuildFile section */

/* Begin PBXFileReference section */
		6EADF5E52AA488C100733E73 /* Spotify.app */ = {isa = PBXFileReference; explicitFileType = wrapper.application; includeInIndex = 0; path = Spotify.app; sourceTree = BUILT_PRODUCTS_DIR; };
		6EADF5E82AA488C100733E73 /* AppDelegate.swift */ = {isa = PBXFileReference; lastKnownFileType = sourcecode.swift; path = AppDelegate.swift; sourceTree = "<group>"; };
		6EADF5EA2AA488C100733E73 /* SceneDelegate.swift */ = {isa = PBXFileReference; lastKnownFileType = sourcecode.swift; path = SceneDelegate.swift; sourceTree = "<group>"; };
		6EADF5EC2AA488C100733E73 /* HomeViewController.swift */ = {isa = PBXFileReference; lastKnownFileType = sourcecode.swift; path = HomeViewController.swift; sourceTree = "<group>"; };
		6EADF5F12AA488C200733E73 /* Assets.xcassets */ = {isa = PBXFileReference; lastKnownFileType = folder.assetcatalog; path = Assets.xcassets; sourceTree = "<group>"; };
		6EADF5F42AA488C200733E73 /* Base */ = {isa = PBXFileReference; lastKnownFileType = file.storyboard; name = Base; path = Base.lproj/LaunchScreen.storyboard; sourceTree = "<group>"; };
		6EADF5F62AA488C200733E73 /* Info.plist */ = {isa = PBXFileReference; lastKnownFileType = text.plist.xml; path = Info.plist; sourceTree = "<group>"; };
		6EADF6092AA775A200733E73 /* TabBarViewController.swift */ = {isa = PBXFileReference; lastKnownFileType = sourcecode.swift; path = TabBarViewController.swift; sourceTree = "<group>"; };
		6EADF60B2AA7761B00733E73 /* SearchViewController.swift */ = {isa = PBXFileReference; lastKnownFileType = sourcecode.swift; path = SearchViewController.swift; sourceTree = "<group>"; };
		6EADF60D2AA7763D00733E73 /* LibraryViewController.swift */ = {isa = PBXFileReference; lastKnownFileType = sourcecode.swift; path = LibraryViewController.swift; sourceTree = "<group>"; };
		6EADF6112AA7774700733E73 /* AuthViewController.swift */ = {isa = PBXFileReference; lastKnownFileType = sourcecode.swift; path = AuthViewController.swift; sourceTree = "<group>"; };
		6EADF6132AA7775500733E73 /* WelcomeViewController.swift */ = {isa = PBXFileReference; lastKnownFileType = sourcecode.swift; path = WelcomeViewController.swift; sourceTree = "<group>"; };
		6EADF6152AA7776900733E73 /* SettingsViewController.swift */ = {isa = PBXFileReference; lastKnownFileType = sourcecode.swift; path = SettingsViewController.swift; sourceTree = "<group>"; };
		6EADF6172AA7777400733E73 /* ProfileViewController.swift */ = {isa = PBXFileReference; lastKnownFileType = sourcecode.swift; path = ProfileViewController.swift; sourceTree = "<group>"; };
		6EADF6192AA7778800733E73 /* PlayerViewController.swift */ = {isa = PBXFileReference; lastKnownFileType = sourcecode.swift; path = PlayerViewController.swift; sourceTree = "<group>"; };
		6EADF61B2AA7779700733E73 /* PlaylistViewController.swift */ = {isa = PBXFileReference; lastKnownFileType = sourcecode.swift; path = PlaylistViewController.swift; sourceTree = "<group>"; };
		6EADF61D2AA777BD00733E73 /* SearchResultViewController.swift */ = {isa = PBXFileReference; lastKnownFileType = sourcecode.swift; path = SearchResultViewController.swift; sourceTree = "<group>"; };
		6EADF61F2AA7781A00733E73 /* AuthManager.swift */ = {isa = PBXFileReference; lastKnownFileType = sourcecode.swift; path = AuthManager.swift; sourceTree = "<group>"; };
		6EADF6212AA7782100733E73 /* APICaller.swift */ = {isa = PBXFileReference; lastKnownFileType = sourcecode.swift; path = APICaller.swift; sourceTree = "<group>"; };
		6EADF6232AA7783B00733E73 /* HapticsManager.swift */ = {isa = PBXFileReference; lastKnownFileType = sourcecode.swift; path = HapticsManager.swift; sourceTree = "<group>"; };
		6EADF6252AA7785D00733E73 /* Playlist.swift */ = {isa = PBXFileReference; lastKnownFileType = sourcecode.swift; path = Playlist.swift; sourceTree = "<group>"; };
		6EADF6272AA7787000733E73 /* AudioTrack.swift */ = {isa = PBXFileReference; lastKnownFileType = sourcecode.swift; path = AudioTrack.swift; sourceTree = "<group>"; };
		6EADF6292AA7787D00733E73 /* Artist.swift */ = {isa = PBXFileReference; lastKnownFileType = sourcecode.swift; path = Artist.swift; sourceTree = "<group>"; };
		6EADF62B2AA7788C00733E73 /* UserProfile.swift */ = {isa = PBXFileReference; lastKnownFileType = sourcecode.swift; path = UserProfile.swift; sourceTree = "<group>"; };
/* End PBXFileReference section */

/* Begin PBXFrameworksBuildPhase section */
		6EADF5E22AA488C100733E73 /* Frameworks */ = {
			isa = PBXFrameworksBuildPhase;
			buildActionMask = 2147483647;
			files = (
			);
			runOnlyForDeploymentPostprocessing = 0;
		};
/* End PBXFrameworksBuildPhase section */

/* Begin PBXGroup section */
		6EADF5DC2AA488C000733E73 = {
			isa = PBXGroup;
			children = (
				6EADF5E72AA488C100733E73 /* Spotify */,
				6EADF5E62AA488C100733E73 /* Products */,
			);
			sourceTree = "<group>";
		};
		6EADF5E62AA488C100733E73 /* Products */ = {
			isa = PBXGroup;
			children = (
				6EADF5E52AA488C100733E73 /* Spotify.app */,
			);
			name = Products;
			sourceTree = "<group>";
		};
		6EADF5E72AA488C100733E73 /* Spotify */ = {
			isa = PBXGroup;
			children = (
				6EADF6082AA76CEC00733E73 /* Views */,
				6EADF6072AA76CAB00733E73 /* Controllers */,
				6EADF6062AA76CA200733E73 /* Models */,
				6EADF6052AA76C9900733E73 /* ViewModels */,
				6EADF6042AA76C8E00733E73 /* Managers */,
				6EADF6032AA76C8000733E73 /* Resources */,
				6EADF5F62AA488C200733E73 /* Info.plist */,
			);
			path = Spotify;
			sourceTree = "<group>";
		};
		6EADF6032AA76C8000733E73 /* Resources */ = {
			isa = PBXGroup;
			children = (
				6EADF5F12AA488C200733E73 /* Assets.xcassets */,
				6EADF5E82AA488C100733E73 /* AppDelegate.swift */,
				6EADF5EA2AA488C100733E73 /* SceneDelegate.swift */,
			);
			path = Resources;
			sourceTree = "<group>";
		};
		6EADF6042AA76C8E00733E73 /* Managers */ = {
			isa = PBXGroup;
			children = (
				6EADF61F2AA7781A00733E73 /* AuthManager.swift */,
				6EADF6212AA7782100733E73 /* APICaller.swift */,
				6EADF6232AA7783B00733E73 /* HapticsManager.swift */,
			);
			path = Managers;
			sourceTree = "<group>";
		};
		6EADF6052AA76C9900733E73 /* ViewModels */ = {
			isa = PBXGroup;
			children = (
			);
			path = ViewModels;
			sourceTree = "<group>";
		};
		6EADF6062AA76CA200733E73 /* Models */ = {
			isa = PBXGroup;
			children = (
				6EADF6252AA7785D00733E73 /* Playlist.swift */,
				6EADF6272AA7787000733E73 /* AudioTrack.swift */,
				6EADF6292AA7787D00733E73 /* Artist.swift */,
				6EADF62B2AA7788C00733E73 /* UserProfile.swift */,
			);
			path = Models;
			sourceTree = "<group>";
		};
		6EADF6072AA76CAB00733E73 /* Controllers */ = {
			isa = PBXGroup;
			children = (
				6EADF6102AA7766C00733E73 /* Other */,
				6EADF60F2AA7765000733E73 /* Core */,
			);
			path = Controllers;
			sourceTree = "<group>";
		};
		6EADF6082AA76CEC00733E73 /* Views */ = {
			isa = PBXGroup;
			children = (
				6EADF5F32AA488C200733E73 /* LaunchScreen.storyboard */,
			);
			path = Views;
			sourceTree = "<group>";
		};
		6EADF60F2AA7765000733E73 /* Core */ = {
			isa = PBXGroup;
			children = (
				6EADF6092AA775A200733E73 /* TabBarViewController.swift */,
				6EADF5EC2AA488C100733E73 /* HomeViewController.swift */,
				6EADF60B2AA7761B00733E73 /* SearchViewController.swift */,
				6EADF60D2AA7763D00733E73 /* LibraryViewController.swift */,
			);
			path = Core;
			sourceTree = "<group>";
		};
		6EADF6102AA7766C00733E73 /* Other */ = {
			isa = PBXGroup;
			children = (
				6EADF6112AA7774700733E73 /* AuthViewController.swift */,
				6EADF6132AA7775500733E73 /* WelcomeViewController.swift */,
				6EADF6152AA7776900733E73 /* SettingsViewController.swift */,
				6EADF6172AA7777400733E73 /* ProfileViewController.swift */,
				6EADF6192AA7778800733E73 /* PlayerViewController.swift */,
				6EADF61B2AA7779700733E73 /* PlaylistViewController.swift */,
				6EADF61D2AA777BD00733E73 /* SearchResultViewController.swift */,
			);
			path = Other;
			sourceTree = "<group>";
		};
/* End PBXGroup section */

/* Begin PBXNativeTarget section */
		6EADF5E42AA488C100733E73 /* Spotify */ = {
			isa = PBXNativeTarget;
			buildConfigurationList = 6EADF5F92AA488C200733E73 /* Build configuration list for PBXNativeTarget "Spotify" */;
			buildPhases = (
				6EADF5E12AA488C100733E73 /* Sources */,
				6EADF5E22AA488C100733E73 /* Frameworks */,
				6EADF5E32AA488C100733E73 /* Resources */,
			);
			buildRules = (
			);
			dependencies = (
			);
			name = Spotify;
			productName = Spotify;
			productReference = 6EADF5E52AA488C100733E73 /* Spotify.app */;
			productType = "com.apple.product-type.application";
		};
/* End PBXNativeTarget section */

/* Begin PBXProject section */
		6EADF5DD2AA488C000733E73 /* Project object */ = {
			isa = PBXProject;
			attributes = {
				BuildIndependentTargetsInParallel = 1;
				LastSwiftUpdateCheck = 1420;
				LastUpgradeCheck = 1420;
				TargetAttributes = {
					6EADF5E42AA488C100733E73 = {
						CreatedOnToolsVersion = 14.2;
					};
				};
			};
			buildConfigurationList = 6EADF5E02AA488C000733E73 /* Build configuration list for PBXProject "Spotify" */;
			compatibilityVersion = "Xcode 14.0";
			developmentRegion = en;
			hasScannedForEncodings = 0;
			knownRegions = (
				en,
				Base,
			);
			mainGroup = 6EADF5DC2AA488C000733E73;
			productRefGroup = 6EADF5E62AA488C100733E73 /* Products */;
			projectDirPath = "";
			projectRoot = "";
			targets = (
				6EADF5E42AA488C100733E73 /* Spotify */,
			);
		};
/* End PBXProject section */

/* Begin PBXResourcesBuildPhase section */
		6EADF5E32AA488C100733E73 /* Resources */ = {
			isa = PBXResourcesBuildPhase;
			buildActionMask = 2147483647;
			files = (
				6EADF5F52AA488C200733E73 /* LaunchScreen.storyboard in Resources */,
				6EADF5F22AA488C200733E73 /* Assets.xcassets in Resources */,
			);
			runOnlyForDeploymentPostprocessing = 0;
		};
/* End PBXResourcesBuildPhase section */

/* Begin PBXSourcesBuildPhase section */
		6EADF5E12AA488C100733E73 /* Sources */ = {
			isa = PBXSourcesBuildPhase;
			buildActionMask = 2147483647;
			files = (
				6EADF60C2AA7761B00733E73 /* SearchViewController.swift in Sources */,
				6EADF6262AA7785D00733E73 /* Playlist.swift in Sources */,
				6EADF6202AA7781A00733E73 /* AuthManager.swift in Sources */,
				6EADF6142AA7775500733E73 /* WelcomeViewController.swift in Sources */,
				6EADF6182AA7777400733E73 /* ProfileViewController.swift in Sources */,
				6EADF60A2AA775A200733E73 /* TabBarViewController.swift in Sources */,
				6EADF5ED2AA488C100733E73 /* HomeViewController.swift in Sources */,
				6EADF6242AA7783B00733E73 /* HapticsManager.swift in Sources */,
				6EADF6282AA7787000733E73 /* AudioTrack.swift in Sources */,
				6EADF6122AA7774700733E73 /* AuthViewController.swift in Sources */,
				6EADF5E92AA488C100733E73 /* AppDelegate.swift in Sources */,
				6EADF60E2AA7763D00733E73 /* LibraryViewController.swift in Sources */,
				6EADF62C2AA7788C00733E73 /* UserProfile.swift in Sources */,
				6EADF61C2AA7779700733E73 /* PlaylistViewController.swift in Sources */,
				6EADF62A2AA7787D00733E73 /* Artist.swift in Sources */,
				6EADF5EB2AA488C100733E73 /* SceneDelegate.swift in Sources */,
				6EADF61A2AA7778800733E73 /* PlayerViewController.swift in Sources */,
				6EADF61E2AA777BD00733E73 /* SearchResultViewController.swift in Sources */,
				6EADF6222AA7782100733E73 /* APICaller.swift in Sources */,
				6EADF6162AA7776900733E73 /* SettingsViewController.swift in Sources */,
			);
			runOnlyForDeploymentPostprocessing = 0;
		};
/* End PBXSourcesBuildPhase section */

/* Begin PBXVariantGroup section */
		6EADF5F32AA488C200733E73 /* LaunchScreen.storyboard */ = {
			isa = PBXVariantGroup;
			children = (
				6EADF5F42AA488C200733E73 /* Base */,
			);
			name = LaunchScreen.storyboard;
			sourceTree = "<group>";
		};
/* End PBXVariantGroup section */

/* Begin XCBuildConfiguration section */
		6EADF5F72AA488C200733E73 /* Debug */ = {
			isa = XCBuildConfiguration;
			buildSettings = {
				ALWAYS_SEARCH_USER_PATHS = NO;
				CLANG_ANALYZER_NONNULL = YES;
				CLANG_ANALYZER_NUMBER_OBJECT_CONVERSION = YES_AGGRESSIVE;
				CLANG_CXX_LANGUAGE_STANDARD = "gnu++20";
				CLANG_ENABLE_MODULES = YES;
				CLANG_ENABLE_OBJC_ARC = YES;
				CLANG_ENABLE_OBJC_WEAK = YES;
				CLANG_WARN_BLOCK_CAPTURE_AUTORELEASING = YES;
				CLANG_WARN_BOOL_CONVERSION = YES;
				CLANG_WARN_COMMA = YES;
				CLANG_WARN_CONSTANT_CONVERSION = YES;
				CLANG_WARN_DEPRECATED_OBJC_IMPLEMENTATIONS = YES;
				CLANG_WARN_DIRECT_OBJC_ISA_USAGE = YES_ERROR;
				CLANG_WARN_DOCUMENTATION_COMMENTS = YES;
				CLANG_WARN_EMPTY_BODY = YES;
				CLANG_WARN_ENUM_CONVERSION = YES;
				CLANG_WARN_INFINITE_RECURSION = YES;
				CLANG_WARN_INT_CONVERSION = YES;
				CLANG_WARN_NON_LITERAL_NULL_CONVERSION = YES;
				CLANG_WARN_OBJC_IMPLICIT_RETAIN_SELF = YES;
				CLANG_WARN_OBJC_LITERAL_CONVERSION = YES;
				CLANG_WARN_OBJC_ROOT_CLASS = YES_ERROR;
				CLANG_WARN_QUOTED_INCLUDE_IN_FRAMEWORK_HEADER = YES;
				CLANG_WARN_RANGE_LOOP_ANALYSIS = YES;
				CLANG_WARN_STRICT_PROTOTYPES = YES;
				CLANG_WARN_SUSPICIOUS_MOVE = YES;
				CLANG_WARN_UNGUARDED_AVAILABILITY = YES_AGGRESSIVE;
				CLANG_WARN_UNREACHABLE_CODE = YES;
				CLANG_WARN__DUPLICATE_METHOD_MATCH = YES;
				COPY_PHASE_STRIP = NO;
				DEBUG_INFORMATION_FORMAT = dwarf;
				ENABLE_STRICT_OBJC_MSGSEND = YES;
				ENABLE_TESTABILITY = YES;
				GCC_C_LANGUAGE_STANDARD = gnu11;
				GCC_DYNAMIC_NO_PIC = NO;
				GCC_NO_COMMON_BLOCKS = YES;
				GCC_OPTIMIZATION_LEVEL = 0;
				GCC_PREPROCESSOR_DEFINITIONS = (
					"DEBUG=1",
					"$(inherited)",
				);
				GCC_WARN_64_TO_32_BIT_CONVERSION = YES;
				GCC_WARN_ABOUT_RETURN_TYPE = YES_ERROR;
				GCC_WARN_UNDECLARED_SELECTOR = YES;
				GCC_WARN_UNINITIALIZED_AUTOS = YES_AGGRESSIVE;
				GCC_WARN_UNUSED_FUNCTION = YES;
				GCC_WARN_UNUSED_VARIABLE = YES;
				IPHONEOS_DEPLOYMENT_TARGET = 16.2;
				MTL_ENABLE_DEBUG_INFO = INCLUDE_SOURCE;
				MTL_FAST_MATH = YES;
				ONLY_ACTIVE_ARCH = YES;
				SDKROOT = iphoneos;
				SWIFT_ACTIVE_COMPILATION_CONDITIONS = DEBUG;
				SWIFT_OPTIMIZATION_LEVEL = "-Onone";
			};
			name = Debug;
		};
		6EADF5F82AA488C200733E73 /* Release */ = {
			isa = XCBuildConfiguration;
			buildSettings = {
				ALWAYS_SEARCH_USER_PATHS = NO;
				CLANG_ANALYZER_NONNULL = YES;
				CLANG_ANALYZER_NUMBER_OBJECT_CONVERSION = YES_AGGRESSIVE;
				CLANG_CXX_LANGUAGE_STANDARD = "gnu++20";
				CLANG_ENABLE_MODULES = YES;
				CLANG_ENABLE_OBJC_ARC = YES;
				CLANG_ENABLE_OBJC_WEAK = YES;
				CLANG_WARN_BLOCK_CAPTURE_AUTORELEASING = YES;
				CLANG_WARN_BOOL_CONVERSION = YES;
				CLANG_WARN_COMMA = YES;
				CLANG_WARN_CONSTANT_CONVERSION = YES;
				CLANG_WARN_DEPRECATED_OBJC_IMPLEMENTATIONS = YES;
				CLANG_WARN_DIRECT_OBJC_ISA_USAGE = YES_ERROR;
				CLANG_WARN_DOCUMENTATION_COMMENTS = YES;
				CLANG_WARN_EMPTY_BODY = YES;
				CLANG_WARN_ENUM_CONVERSION = YES;
				CLANG_WARN_INFINITE_RECURSION = YES;
				CLANG_WARN_INT_CONVERSION = YES;
				CLANG_WARN_NON_LITERAL_NULL_CONVERSION = YES;
				CLANG_WARN_OBJC_IMPLICIT_RETAIN_SELF = YES;
				CLANG_WARN_OBJC_LITERAL_CONVERSION = YES;
				CLANG_WARN_OBJC_ROOT_CLASS = YES_ERROR;
				CLANG_WARN_QUOTED_INCLUDE_IN_FRAMEWORK_HEADER = YES;
				CLANG_WARN_RANGE_LOOP_ANALYSIS = YES;
				CLANG_WARN_STRICT_PROTOTYPES = YES;
				CLANG_WARN_SUSPICIOUS_MOVE = YES;
				CLANG_WARN_UNGUARDED_AVAILABILITY = YES_AGGRESSIVE;
				CLANG_WARN_UNREACHABLE_CODE = YES;
				CLANG_WARN__DUPLICATE_METHOD_MATCH = YES;
				COPY_PHASE_STRIP = NO;
				DEBUG_INFORMATION_FORMAT = "dwarf-with-dsym";
				ENABLE_NS_ASSERTIONS = NO;
				ENABLE_STRICT_OBJC_MSGSEND = YES;
				GCC_C_LANGUAGE_STANDARD = gnu11;
				GCC_NO_COMMON_BLOCKS = YES;
				GCC_WARN_64_TO_32_BIT_CONVERSION = YES;
				GCC_WARN_ABOUT_RETURN_TYPE = YES_ERROR;
				GCC_WARN_UNDECLARED_SELECTOR = YES;
				GCC_WARN_UNINITIALIZED_AUTOS = YES_AGGRESSIVE;
				GCC_WARN_UNUSED_FUNCTION = YES;
				GCC_WARN_UNUSED_VARIABLE = YES;
				IPHONEOS_DEPLOYMENT_TARGET = 16.2;
				MTL_ENABLE_DEBUG_INFO = NO;
				MTL_FAST_MATH = YES;
				SDKROOT = iphoneos;
				SWIFT_COMPILATION_MODE = wholemodule;
				SWIFT_OPTIMIZATION_LEVEL = "-O";
				VALIDATE_PRODUCT = YES;
			};
			name = Release;
		};
		6EADF5FA2AA488C200733E73 /* Debug */ = {
			isa = XCBuildConfiguration;
			buildSettings = {
				ASSETCATALOG_COMPILER_APPICON_NAME = AppIcon;
				ASSETCATALOG_COMPILER_GLOBAL_ACCENT_COLOR_NAME = AccentColor;
				CODE_SIGN_STYLE = Automatic;
				CURRENT_PROJECT_VERSION = 1;
				DEVELOPMENT_TEAM = KYLN68NGAG;
				GENERATE_INFOPLIST_FILE = YES;
				INFOPLIST_FILE = Spotify/Info.plist;
				INFOPLIST_KEY_UIApplicationSupportsIndirectInputEvents = YES;
				INFOPLIST_KEY_UILaunchStoryboardName = LaunchScreen;
				INFOPLIST_KEY_UISupportedInterfaceOrientations_iPad = "UIInterfaceOrientationPortrait UIInterfaceOrientationPortraitUpsideDown UIInterfaceOrientationLandscapeLeft UIInterfaceOrientationLandscapeRight";
				INFOPLIST_KEY_UISupportedInterfaceOrientations_iPhone = "UIInterfaceOrientationPortrait UIInterfaceOrientationLandscapeLeft UIInterfaceOrientationLandscapeRight";
				LD_RUNPATH_SEARCH_PATHS = (
					"$(inherited)",
					"@executable_path/Frameworks",
				);
				MARKETING_VERSION = 1.0;
				PRODUCT_BUNDLE_IDENTIFIER = com.iqbal.app.Spotify;
				PRODUCT_NAME = "$(TARGET_NAME)";
				SWIFT_EMIT_LOC_STRINGS = YES;
				SWIFT_VERSION = 5.0;
				TARGETED_DEVICE_FAMILY = "1,2";
			};
			name = Debug;
		};
		6EADF5FB2AA488C200733E73 /* Release */ = {
			isa = XCBuildConfiguration;
			buildSettings = {
				ASSETCATALOG_COMPILER_APPICON_NAME = AppIcon;
				ASSETCATALOG_COMPILER_GLOBAL_ACCENT_COLOR_NAME = AccentColor;
				CODE_SIGN_STYLE = Automatic;
				CURRENT_PROJECT_VERSION = 1;
				DEVELOPMENT_TEAM = KYLN68NGAG;
				GENERATE_INFOPLIST_FILE = YES;
				INFOPLIST_FILE = Spotify/Info.plist;
				INFOPLIST_KEY_UIApplicationSupportsIndirectInputEvents = YES;
				INFOPLIST_KEY_UILaunchStoryboardName = LaunchScreen;
				INFOPLIST_KEY_UISupportedInterfaceOrientations_iPad = "UIInterfaceOrientationPortrait UIInterfaceOrientationPortraitUpsideDown UIInterfaceOrientationLandscapeLeft UIInterfaceOrientationLandscapeRight";
				INFOPLIST_KEY_UISupportedInterfaceOrientations_iPhone = "UIInterfaceOrientationPortrait UIInterfaceOrientationLandscapeLeft UIInterfaceOrientationLandscapeRight";
				LD_RUNPATH_SEARCH_PATHS = (
					"$(inherited)",
					"@executable_path/Frameworks",
				);
				MARKETING_VERSION = 1.0;
				PRODUCT_BUNDLE_IDENTIFIER = com.iqbal.app.Spotify;
				PRODUCT_NAME = "$(TARGET_NAME)";
				SWIFT_EMIT_LOC_STRINGS = YES;
				SWIFT_VERSION = 5.0;
				TARGETED_DEVICE_FAMILY = "1,2";
			};
			name = Release;
		};
/* End XCBuildConfiguration section */

/* Begin XCConfigurationList section */
		6EADF5E02AA488C000733E73 /* Build configuration list for PBXProject "Spotify" */ = {
			isa = XCConfigurationList;
			buildConfigurations = (
				6EADF5F72AA488C200733E73 /* Debug */,
				6EADF5F82AA488C200733E73 /* Release */,
			);
			defaultConfigurationIsVisible = 0;
			defaultConfigurationName = Release;
		};
		6EADF5F92AA488C200733E73 /* Build configuration list for PBXNativeTarget "Spotify" */ = {
			isa = XCConfigurationList;
			buildConfigurations = (
				6EADF5FA2AA488C200733E73 /* Debug */,
				6EADF5FB2AA488C200733E73 /* Release */,
			);
			defaultConfigurationIsVisible = 0;
			defaultConfigurationName = Release;
		};
/* End XCConfigurationList section */
	};
	rootObject = 6EADF5DD2AA488C000733E73 /* Project object */;
}
